
Microsoft Visual Studio Solution File, Format Version 12.00
# Visual Studio 2013
VisualStudioVersion = 12.0.31101.0
MinimumVisualStudioVersion = 10.0.40219.1
Project("{FAE04EC0-301F-11D3-BF4B-00C04F79EFBC}") = "Robot.Web", "Robot.Web\Robot.Web.csproj", "{96E7A7C7-A107-4CA0-8598-26CCF4EBBE96}"
EndProject
Project("{FAE04EC0-301F-11D3-BF4B-00C04F79EFBC}") = "Robot.Tests", "Robot.Tests\Robot.Tests.csproj", "{CC66D4A6-569D-4434-94E8-73B2DCC2BA52}"
EndProject
Project("{FAE04EC0-301F-11D3-BF4B-00C04F79EFBC}") = "Robot.Business", "Robot.Business\Robot.Business.csproj", "{5C98C6ED-769F-45E4-A895-0E6413E9618C}"
EndProject
Project("{FAE04EC0-301F-11D3-BF4B-00C04F79EFBC}") = "Robot.Model", "Robot.Model\Robot.Model.csproj", "{76697700-494A-434C-8D7C-68586B4B2EC5}"
EndProject
Global
	GlobalSection(SolutionConfigurationPlatforms) = preSolution
		Debug|Any CPU = Debug|Any CPU
		Debug|x86 = Debug|x86
		Release|Any CPU = Release|Any CPU
		Release|x86 = Release|x86
	EndGlobalSection
	GlobalSection(ProjectConfigurationPlatforms) = postSolution
		{96E7A7C7-A107-4CA0-8598-26CCF4EBBE96}.Debug|Any CPU.ActiveCfg = Debug|Any CPU
		{96E7A7C7-A107-4CA0-8598-26CCF4EBBE96}.Debug|Any CPU.Build.0 = Debug|Any CPU
		{96E7A7C7-A107-4CA0-8598-26CCF4EBBE96}.Debug|x86.ActiveCfg = Debug|x86
		{96E7A7C7-A107-4CA0-8598-26CCF4EBBE96}.Debug|x86.Build.0 = Debug|x86
		{96E7A7C7-A107-4CA0-8598-26CCF4EBBE96}.Release|Any CPU.ActiveCfg = Release|Any CPU
		{96E7A7C7-A107-4CA0-8598-26CCF4EBBE96}.Release|Any CPU.Build.0 = Release|Any CPU
		{96E7A7C7-A107-4CA0-8598-26CCF4EBBE96}.Release|x86.ActiveCfg = Release|Any CPU
		{96E7A7C7-A107-4CA0-8598-26CCF4EBBE96}.Release|x86.Build.0 = Release|Any CPU
		{CC66D4A6-569D-4434-94E8-73B2DCC2BA52}.Debug|Any CPU.ActiveCfg = Debug|Any CPU
		{CC66D4A6-569D-4434-94E8-73B2DCC2BA52}.Debug|Any CPU.Build.0 = Debug|Any CPU
		{CC66D4A6-569D-4434-94E8-73B2DCC2BA52}.Debug|x86.ActiveCfg = Debug|x86
		{CC66D4A6-569D-4434-94E8-73B2DCC2BA52}.Debug|x86.Build.0 = Debug|x86
		{CC66D4A6-569D-4434-94E8-73B2DCC2BA52}.Release|Any CPU.ActiveCfg = Release|Any CPU
		{CC66D4A6-569D-4434-94E8-73B2DCC2BA52}.Release|Any CPU.Build.0 = Release|Any CPU
		{CC66D4A6-569D-4434-94E8-73B2DCC2BA52}.Release|x86.ActiveCfg = Release|Any CPU
		{CC66D4A6-569D-4434-94E8-73B2DCC2BA52}.Release|x86.Build.0 = Release|Any CPU
		{5C98C6ED-769F-45E4-A895-0E6413E9618C}.Debug|Any CPU.ActiveCfg = Debug|Any CPU
		{5C98C6ED-769F-45E4-A895-0E6413E9618C}.Debug|Any CPU.Build.0 = Debug|Any CPU
		{5C98C6ED-769F-45E4-A895-0E6413E9618C}.Debug|x86.ActiveCfg = Debug|x86
		{5C98C6ED-769F-45E4-A895-0E6413E9618C}.Debug|x86.Build.0 = Debug|x86
		{5C98C6ED-769F-45E4-A895-0E6413E9618C}.Release|Any CPU.ActiveCfg = Release|Any CPU
		{5C98C6ED-769F-45E4-A895-0E6413E9618C}.Release|Any CPU.Build.0 = Release|Any CPU
		{5C98C6ED-769F-45E4-A895-0E6413E9618C}.Release|x86.ActiveCfg = Release|x86
		{5C98C6ED-769F-45E4-A895-0E6413E9618C}.Release|x86.Build.0 = Release|x86
		{76697700-494A-434C-8D7C-68586B4B2EC5}.Debug|Any CPU.ActiveCfg = Debug|Any CPU
		{76697700-494A-434C-8D7C-68586B4B2EC5}.Debug|Any CPU.Build.0 = Debug|Any CPU
		{76697700-494A-434C-8D7C-68586B4B2EC5}.Debug|x86.ActiveCfg = Debug|x86
		{76697700-494A-434C-8D7C-68586B4B2EC5}.Debug|x86.Build.0 = Debug|x86
		{76697700-494A-434C-8D7C-68586B4B2EC5}.Release|Any CPU.ActiveCfg = Release|Any CPU
		{76697700-494A-434C-8D7C-68586B4B2EC5}.Release|Any CPU.Build.0 = Release|Any CPU
		{76697700-494A-434C-8D7C-68586B4B2EC5}.Release|x86.ActiveCfg = Release|x86
		{76697700-494A-434C-8D7C-68586B4B2EC5}.Release|x86.Build.0 = Release|x86
	EndGlobalSection
	GlobalSection(SolutionProperties) = preSolution
		HideSolutionNode = FALSE
	EndGlobalSection
EndGlobal
